
Microsoft Visual Studio Solution File, Format Version 12.00
# Visual Studio Version 17
VisualStudioVersion = 17.5.002.0
MinimumVisualStudioVersion = 10.0.40219.1
Project("{9A19103F-16F7-4668-BE54-9A1E7A4F7556}") = "LibraryProject", "LibraryProject.csproj", "{167A4CA4-2594-4B91-BF79-10F999808E2D}"
EndProject
Global
	GlobalSection(SolutionConfigurationPlatforms) = preSolution
		Debug|Any CPU = Debug|Any CPU
		Release|Any CPU = Release|Any CPU
	EndGlobalSection
	GlobalSection(ProjectConfigurationPlatforms) = postSolution
		{167A4CA4-2594-4B91-BF79-10F999808E2D}.Debug|Any CPU.ActiveCfg = Debug|Any CPU
		{167A4CA4-2594-4B91-BF79-10F999808E2D}.Debug|Any CPU.Build.0 = Debug|Any CPU
		{167A4CA4-2594-4B91-BF79-10F999808E2D}.Release|Any CPU.ActiveCfg = Release|Any CPU
		{167A4CA4-2594-4B91-BF79-10F999808E2D}.Release|Any CPU.Build.0 = Release|Any CPU
	EndGlobalSection
	GlobalSection(SolutionProperties) = preSolution
		HideSolutionNode = FALSE
	EndGlobalSection
	GlobalSection(ExtensibilityGlobals) = postSolution
		SolutionGuid = {E431D1E7-AC7B-43BC-9A39-657315BD6EFC}
	EndGlobalSection
EndGlobal
